// !$*UTF8*$!
{
	archiveVersion = 1;
	classes = {
	};
	objectVersion = 46;
	objects = {

/* Begin PBXBuildFile section */
		1107F1571AA6835A0092D77E /* libcairo.a in Frameworks */ = {isa = PBXBuildFile; fileRef = 1107F1351AA6835A0092D77E /* libcairo.a */; };
		1107F1581AA6835A0092D77E /* libEpidemic.a in Frameworks */ = {isa = PBXBuildFile; fileRef = 1107F1361AA6835A0092D77E /* libEpidemic.a */; };
		1107F1591AA6835A0092D77E /* libfreetype.a in Frameworks */ = {isa = PBXBuildFile; fileRef = 1107F1371AA6835A0092D77E /* libfreetype.a */; };
		1107F15A1AA6835A0092D77E /* libpixman-1.a in Frameworks */ = {isa = PBXBuildFile; fileRef = 1107F1381AA6835A0092D77E /* libpixman-1.a */; };
		1107F15B1AA6835A0092D77E /* libpng.a in Frameworks */ = {isa = PBXBuildFile; fileRef = 1107F1391AA6835A0092D77E /* libpng.a */; };
		1107F15C1AA6835A0092D77E /* libSDL2.a in Frameworks */ = {isa = PBXBuildFile; fileRef = 1107F13A1AA6835A0092D77E /* libSDL2.a */; };
		1107F15D1AA6835A0092D77E /* libSDL2_mixer.a in Frameworks */ = {isa = PBXBuildFile; fileRef = 1107F13B1AA6835A0092D77E /* libSDL2_mixer.a */; };
		1107F15E1AA6835A0092D77E /* libz.a in Frameworks */ = {isa = PBXBuildFile; fileRef = 1107F13C1AA6835A0092D77E /* libz.a */; };
		1107F1741AA684B50092D77E /* font.ttf in Resources */ = {isa = PBXBuildFile; fileRef = 1107F1711AA684B50092D77E /* font.ttf */; };
		1107F1751AA684B50092D77E /* music.ogg in Resources */ = {isa = PBXBuildFile; fileRef = 1107F1721AA684B50092D77E /* music.ogg */; };
		1107F1761AA684B50092D77E /* slime-splash.wav in Resources */ = {isa = PBXBuildFile; fileRef = 1107F1731AA684B50092D77E /* slime-splash.wav */; };
		1107F1791AA69B0A0092D77E /* libogg.a in Frameworks */ = {isa = PBXBuildFile; fileRef = 1107F1771AA69B0A0092D77E /* libogg.a */; };
		1107F17A1AA69B0A0092D77E /* libvorbis.a in Frameworks */ = {isa = PBXBuildFile; fileRef = 1107F1781AA69B0A0092D77E /* libvorbis.a */; };
		1107F17C1AA6A3A60092D77E /* libvorbisfile.a in Frameworks */ = {isa = PBXBuildFile; fileRef = 1107F17B1AA6A3A60092D77E /* libvorbisfile.a */; };
		1121CF591A77662E00FC5493 /* CoreFoundation.framework in Frameworks */ = {isa = PBXBuildFile; fileRef = 1121CF581A77662E00FC5493 /* CoreFoundation.framework */; };
		1121CF5B1A776E8300FC5493 /* CoreText.framework in Frameworks */ = {isa = PBXBuildFile; fileRef = 1121CF5A1A776E8300FC5493 /* CoreText.framework */; };
		11C57BE11A3DA1D0000A8E65 /* Default-568h@2x.png in Resources */ = {isa = PBXBuildFile; fileRef = 11C57BE01A3DA1D0000A8E65 /* Default-568h@2x.png */; };
		11C57BE31A3DA35A000A8E65 /* libiconv.dylib in Frameworks */ = {isa = PBXBuildFile; fileRef = 11C57BE21A3DA35A000A8E65 /* libiconv.dylib */; };
		11CAC3B61A8744A6003EDA7F /* Images.xcassets in Resources */ = {isa = PBXBuildFile; fileRef = 11CAC3B51A8744A6003EDA7F /* Images.xcassets */; };
		11CAC3B81A874687003EDA7F /* Icon.png in Resources */ = {isa = PBXBuildFile; fileRef = 11CAC3B71A874687003EDA7F /* Icon.png */; };
		1D60589F0D05DD5A006BFB54 /* Foundation.framework in Frameworks */ = {isa = PBXBuildFile; fileRef = 1D30AB110D05D00D00671497 /* Foundation.framework */; };
		1DF5F4E00D08C38300B7A737 /* UIKit.framework in Frameworks */ = {isa = PBXBuildFile; fileRef = 1DF5F4DF0D08C38300B7A737 /* UIKit.framework */; };
		28FD15000DC6FC520079059D /* OpenGLES.framework in Frameworks */ = {isa = PBXBuildFile; fileRef = 28FD14FF0DC6FC520079059D /* OpenGLES.framework */; };
		28FD15080DC6FC5B0079059D /* QuartzCore.framework in Frameworks */ = {isa = PBXBuildFile; fileRef = 28FD15070DC6FC5B0079059D /* QuartzCore.framework */; };
		FD779EDE0E26BA1200F39101 /* CoreAudio.framework in Frameworks */ = {isa = PBXBuildFile; fileRef = FD779EDD0E26BA1200F39101 /* CoreAudio.framework */; };
		FD77A0850E26BDB800F39101 /* AudioToolbox.framework in Frameworks */ = {isa = PBXBuildFile; fileRef = FD77A0840E26BDB800F39101 /* AudioToolbox.framework */; };
		FD77A09D0E26BDE500F39101 /* main.c in Sources */ = {isa = PBXBuildFile; fileRef = FD77A09C0E26BDE500F39101 /* main.c */; };
		FDB8BFC60E5A0F6A00980157 /* CoreGraphics.framework in Frameworks */ = {isa = PBXBuildFile; fileRef = FDB8BFC50E5A0F6A00980157 /* CoreGraphics.framework */; };
/* End PBXBuildFile section */

/* Begin PBXFileReference section */
		1107F1351AA6835A0092D77E /* libcairo.a */ = {isa = PBXFileReference; lastKnownFileType = archive.ar; path = libcairo.a; sourceTree = "<group>"; };
		1107F1361AA6835A0092D77E /* libEpidemic.a */ = {isa = PBXFileReference; lastKnownFileType = archive.ar; path = libEpidemic.a; sourceTree = "<group>"; };
		1107F1371AA6835A0092D77E /* libfreetype.a */ = {isa = PBXFileReference; lastKnownFileType = archive.ar; path = libfreetype.a; sourceTree = "<group>"; };
		1107F1381AA6835A0092D77E /* libpixman-1.a */ = {isa = PBXFileReference; lastKnownFileType = archive.ar; path = "libpixman-1.a"; sourceTree = "<group>"; };
		1107F1391AA6835A0092D77E /* libpng.a */ = {isa = PBXFileReference; lastKnownFileType = archive.ar; path = libpng.a; sourceTree = "<group>"; };
		1107F13A1AA6835A0092D77E /* libSDL2.a */ = {isa = PBXFileReference; lastKnownFileType = archive.ar; path = libSDL2.a; sourceTree = "<group>"; };
		1107F13B1AA6835A0092D77E /* libSDL2_mixer.a */ = {isa = PBXFileReference; lastKnownFileType = archive.ar; path = libSDL2_mixer.a; sourceTree = "<group>"; };
		1107F13C1AA6835A0092D77E /* libz.a */ = {isa = PBXFileReference; lastKnownFileType = archive.ar; path = libz.a; sourceTree = "<group>"; };
		1107F1681AA683EC0092D77E /* Info.plist */ = {isa = PBXFileReference; fileEncoding = 4; lastKnownFileType = text.plist.xml; path = Info.plist; sourceTree = "<group>"; };
		1107F1711AA684B50092D77E /* font.ttf */ = {isa = PBXFileReference; lastKnownFileType = file; name = font.ttf; path = assets/font.ttf; sourceTree = "<group>"; };
		1107F1721AA684B50092D77E /* music.ogg */ = {isa = PBXFileReference; lastKnownFileType = file; name = music.ogg; path = assets/music.ogg; sourceTree = "<group>"; };
		1107F1731AA684B50092D77E /* slime-splash.wav */ = {isa = PBXFileReference; lastKnownFileType = audio.wav; name = "slime-splash.wav"; path = "assets/slime-splash.wav"; sourceTree = "<group>"; };
		1107F1771AA69B0A0092D77E /* libogg.a */ = {isa = PBXFileReference; lastKnownFileType = archive.ar; path = libogg.a; sourceTree = "<group>"; };
		1107F1781AA69B0A0092D77E /* libvorbis.a */ = {isa = PBXFileReference; lastKnownFileType = archive.ar; path = libvorbis.a; sourceTree = "<group>"; };
		1107F17B1AA6A3A60092D77E /* libvorbisfile.a */ = {isa = PBXFileReference; lastKnownFileType = archive.ar; path = libvorbisfile.a; sourceTree = "<group>"; };
		1121CF581A77662E00FC5493 /* CoreFoundation.framework */ = {isa = PBXFileReference; lastKnownFileType = wrapper.framework; name = CoreFoundation.framework; path = System/Library/Frameworks/CoreFoundation.framework; sourceTree = SDKROOT; };
		1121CF5A1A776E8300FC5493 /* CoreText.framework */ = {isa = PBXFileReference; lastKnownFileType = wrapper.framework; name = CoreText.framework; path = System/Library/Frameworks/CoreText.framework; sourceTree = SDKROOT; };
		11C57B4B1A3D9C86000A8E65 /* SDL.h */ = {isa = PBXFileReference; fileEncoding = 4; lastKnownFileType = sourcecode.c.h; path = SDL.h; sourceTree = "<group>"; };
		11C57B4C1A3D9C86000A8E65 /* SDL_video.h */ = {isa = PBXFileReference; fileEncoding = 4; lastKnownFileType = sourcecode.c.h; path = SDL_video.h; sourceTree = "<group>"; };
		11C57B4D1A3D9C86000A8E65 /* SDL_version.h */ = {isa = PBXFileReference; fileEncoding = 4; lastKnownFileType = sourcecode.c.h; path = SDL_version.h; sourceTree = "<group>"; };
		11C57B4E1A3D9C86000A8E65 /* SDL_types.h */ = {isa = PBXFileReference; fileEncoding = 4; lastKnownFileType = sourcecode.c.h; path = SDL_types.h; sourceTree = "<group>"; };
		11C57B4F1A3D9C86000A8E65 /* SDL_touch.h */ = {isa = PBXFileReference; fileEncoding = 4; lastKnownFileType = sourcecode.c.h; path = SDL_touch.h; sourceTree = "<group>"; };
		11C57B501A3D9C86000A8E65 /* SDL_timer.h */ = {isa = PBXFileReference; fileEncoding = 4; lastKnownFileType = sourcecode.c.h; path = SDL_timer.h; sourceTree = "<group>"; };
		11C57B511A3D9C86000A8E65 /* SDL_thread.h */ = {isa = PBXFileReference; fileEncoding = 4; lastKnownFileType = sourcecode.c.h; path = SDL_thread.h; sourceTree = "<group>"; };
		11C57B521A3D9C86000A8E65 /* SDL_test.h */ = {isa = PBXFileReference; fileEncoding = 4; lastKnownFileType = sourcecode.c.h; path = SDL_test.h; sourceTree = "<group>"; };
		11C57B531A3D9C86000A8E65 /* SDL_test_random.h */ = {isa = PBXFileReference; fileEncoding = 4; lastKnownFileType = sourcecode.c.h; path = SDL_test_random.h; sourceTree = "<group>"; };
		11C57B541A3D9C86000A8E65 /* SDL_test_md5.h */ = {isa = PBXFileReference; fileEncoding = 4; lastKnownFileType = sourcecode.c.h; path = SDL_test_md5.h; sourceTree = "<group>"; };
		11C57B551A3D9C86000A8E65 /* SDL_test_log.h */ = {isa = PBXFileReference; fileEncoding = 4; lastKnownFileType = sourcecode.c.h; path = SDL_test_log.h; sourceTree = "<group>"; };
		11C57B561A3D9C86000A8E65 /* SDL_test_images.h */ = {isa = PBXFileReference; fileEncoding = 4; lastKnownFileType = sourcecode.c.h; path = SDL_test_images.h; sourceTree = "<group>"; };
		11C57B571A3D9C86000A8E65 /* SDL_test_harness.h */ = {isa = PBXFileReference; fileEncoding = 4; lastKnownFileType = sourcecode.c.h; path = SDL_test_harness.h; sourceTree = "<group>"; };
		11C57B581A3D9C86000A8E65 /* SDL_test_fuzzer.h */ = {isa = PBXFileReference; fileEncoding = 4; lastKnownFileType = sourcecode.c.h; path = SDL_test_fuzzer.h; sourceTree = "<group>"; };
		11C57B591A3D9C86000A8E65 /* SDL_test_font.h */ = {isa = PBXFileReference; fileEncoding = 4; lastKnownFileType = sourcecode.c.h; path = SDL_test_font.h; sourceTree = "<group>"; };
		11C57B5A1A3D9C86000A8E65 /* SDL_test_crc32.h */ = {isa = PBXFileReference; fileEncoding = 4; lastKnownFileType = sourcecode.c.h; path = SDL_test_crc32.h; sourceTree = "<group>"; };
		11C57B5B1A3D9C86000A8E65 /* SDL_test_compare.h */ = {isa = PBXFileReference; fileEncoding = 4; lastKnownFileType = sourcecode.c.h; path = SDL_test_compare.h; sourceTree = "<group>"; };
		11C57B5C1A3D9C86000A8E65 /* SDL_test_common.h */ = {isa = PBXFileReference; fileEncoding = 4; lastKnownFileType = sourcecode.c.h; path = SDL_test_common.h; sourceTree = "<group>"; };
		11C57B5D1A3D9C86000A8E65 /* SDL_test_assert.h */ = {isa = PBXFileReference; fileEncoding = 4; lastKnownFileType = sourcecode.c.h; path = SDL_test_assert.h; sourceTree = "<group>"; };
		11C57B5E1A3D9C86000A8E65 /* SDL_syswm.h */ = {isa = PBXFileReference; fileEncoding = 4; lastKnownFileType = sourcecode.c.h; path = SDL_syswm.h; sourceTree = "<group>"; };
		11C57B5F1A3D9C86000A8E65 /* SDL_system.h */ = {isa = PBXFileReference; fileEncoding = 4; lastKnownFileType = sourcecode.c.h; path = SDL_system.h; sourceTree = "<group>"; };
		11C57B601A3D9C86000A8E65 /* SDL_surface.h */ = {isa = PBXFileReference; fileEncoding = 4; lastKnownFileType = sourcecode.c.h; path = SDL_surface.h; sourceTree = "<group>"; };
		11C57B611A3D9C86000A8E65 /* SDL_stdinc.h */ = {isa = PBXFileReference; fileEncoding = 4; lastKnownFileType = sourcecode.c.h; path = SDL_stdinc.h; sourceTree = "<group>"; };
		11C57B621A3D9C86000A8E65 /* SDL_shape.h */ = {isa = PBXFileReference; fileEncoding = 4; lastKnownFileType = sourcecode.c.h; path = SDL_shape.h; sourceTree = "<group>"; };
		11C57B631A3D9C86000A8E65 /* SDL_scancode.h */ = {isa = PBXFileReference; fileEncoding = 4; lastKnownFileType = sourcecode.c.h; path = SDL_scancode.h; sourceTree = "<group>"; };
		11C57B641A3D9C86000A8E65 /* SDL_rwops.h */ = {isa = PBXFileReference; fileEncoding = 4; lastKnownFileType = sourcecode.c.h; path = SDL_rwops.h; sourceTree = "<group>"; };
		11C57B651A3D9C86000A8E65 /* SDL_revision.h */ = {isa = PBXFileReference; fileEncoding = 4; lastKnownFileType = sourcecode.c.h; path = SDL_revision.h; sourceTree = "<group>"; };
		11C57B661A3D9C86000A8E65 /* SDL_render.h */ = {isa = PBXFileReference; fileEncoding = 4; lastKnownFileType = sourcecode.c.h; path = SDL_render.h; sourceTree = "<group>"; };
		11C57B671A3D9C86000A8E65 /* SDL_rect.h */ = {isa = PBXFileReference; fileEncoding = 4; lastKnownFileType = sourcecode.c.h; path = SDL_rect.h; sourceTree = "<group>"; };
		11C57B681A3D9C86000A8E65 /* SDL_quit.h */ = {isa = PBXFileReference; fileEncoding = 4; lastKnownFileType = sourcecode.c.h; path = SDL_quit.h; sourceTree = "<group>"; };
		11C57B691A3D9C86000A8E65 /* SDL_power.h */ = {isa = PBXFileReference; fileEncoding = 4; lastKnownFileType = sourcecode.c.h; path = SDL_power.h; sourceTree = "<group>"; };
		11C57B6A1A3D9C86000A8E65 /* SDL_platform.h */ = {isa = PBXFileReference; fileEncoding = 4; lastKnownFileType = sourcecode.c.h; path = SDL_platform.h; sourceTree = "<group>"; };
		11C57B6B1A3D9C86000A8E65 /* SDL_pixels.h */ = {isa = PBXFileReference; fileEncoding = 4; lastKnownFileType = sourcecode.c.h; path = SDL_pixels.h; sourceTree = "<group>"; };
		11C57B6C1A3D9C86000A8E65 /* SDL_opengles2.h */ = {isa = PBXFileReference; fileEncoding = 4; lastKnownFileType = sourcecode.c.h; path = SDL_opengles2.h; sourceTree = "<group>"; };
		11C57B6D1A3D9C86000A8E65 /* SDL_opengles.h */ = {isa = PBXFileReference; fileEncoding = 4; lastKnownFileType = sourcecode.c.h; path = SDL_opengles.h; sourceTree = "<group>"; };
		11C57B6E1A3D9C86000A8E65 /* SDL_opengl.h */ = {isa = PBXFileReference; fileEncoding = 4; lastKnownFileType = sourcecode.c.h; path = SDL_opengl.h; sourceTree = "<group>"; };
		11C57B6F1A3D9C86000A8E65 /* SDL_name.h */ = {isa = PBXFileReference; fileEncoding = 4; lastKnownFileType = sourcecode.c.h; path = SDL_name.h; sourceTree = "<group>"; };
		11C57B701A3D9C86000A8E65 /* SDL_mutex.h */ = {isa = PBXFileReference; fileEncoding = 4; lastKnownFileType = sourcecode.c.h; path = SDL_mutex.h; sourceTree = "<group>"; };
		11C57B711A3D9C86000A8E65 /* SDL_mouse.h */ = {isa = PBXFileReference; fileEncoding = 4; lastKnownFileType = sourcecode.c.h; path = SDL_mouse.h; sourceTree = "<group>"; };
		11C57B721A3D9C86000A8E65 /* SDL_messagebox.h */ = {isa = PBXFileReference; fileEncoding = 4; lastKnownFileType = sourcecode.c.h; path = SDL_messagebox.h; sourceTree = "<group>"; };
		11C57B731A3D9C86000A8E65 /* SDL_main.h */ = {isa = PBXFileReference; fileEncoding = 4; lastKnownFileType = sourcecode.c.h; path = SDL_main.h; sourceTree = "<group>"; };
		11C57B741A3D9C86000A8E65 /* SDL_log.h */ = {isa = PBXFileReference; fileEncoding = 4; lastKnownFileType = sourcecode.c.h; path = SDL_log.h; sourceTree = "<group>"; };
		11C57B751A3D9C86000A8E65 /* SDL_loadso.h */ = {isa = PBXFileReference; fileEncoding = 4; lastKnownFileType = sourcecode.c.h; path = SDL_loadso.h; sourceTree = "<group>"; };
		11C57B761A3D9C86000A8E65 /* SDL_keycode.h */ = {isa = PBXFileReference; fileEncoding = 4; lastKnownFileType = sourcecode.c.h; path = SDL_keycode.h; sourceTree = "<group>"; };
		11C57B771A3D9C86000A8E65 /* SDL_keyboard.h */ = {isa = PBXFileReference; fileEncoding = 4; lastKnownFileType = sourcecode.c.h; path = SDL_keyboard.h; sourceTree = "<group>"; };
		11C57B781A3D9C86000A8E65 /* SDL_joystick.h */ = {isa = PBXFileReference; fileEncoding = 4; lastKnownFileType = sourcecode.c.h; path = SDL_joystick.h; sourceTree = "<group>"; };
		11C57B791A3D9C86000A8E65 /* SDL_hints.h */ = {isa = PBXFileReference; fileEncoding = 4; lastKnownFileType = sourcecode.c.h; path = SDL_hints.h; sourceTree = "<group>"; };
		11C57B7A1A3D9C86000A8E65 /* SDL_haptic.h */ = {isa = PBXFileReference; fileEncoding = 4; lastKnownFileType = sourcecode.c.h; path = SDL_haptic.h; sourceTree = "<group>"; };
		11C57B7B1A3D9C86000A8E65 /* SDL_gesture.h */ = {isa = PBXFileReference; fileEncoding = 4; lastKnownFileType = sourcecode.c.h; path = SDL_gesture.h; sourceTree = "<group>"; };
		11C57B7C1A3D9C86000A8E65 /* SDL_gamecontroller.h */ = {isa = PBXFileReference; fileEncoding = 4; lastKnownFileType = sourcecode.c.h; path = SDL_gamecontroller.h; sourceTree = "<group>"; };
		11C57B7D1A3D9C86000A8E65 /* SDL_filesystem.h */ = {isa = PBXFileReference; fileEncoding = 4; lastKnownFileType = sourcecode.c.h; path = SDL_filesystem.h; sourceTree = "<group>"; };
		11C57B7E1A3D9C86000A8E65 /* SDL_events.h */ = {isa = PBXFileReference; fileEncoding = 4; lastKnownFileType = sourcecode.c.h; path = SDL_events.h; sourceTree = "<group>"; };
		11C57B7F1A3D9C86000A8E65 /* SDL_error.h */ = {isa = PBXFileReference; fileEncoding = 4; lastKnownFileType = sourcecode.c.h; path = SDL_error.h; sourceTree = "<group>"; };
		11C57B801A3D9C86000A8E65 /* SDL_endian.h */ = {isa = PBXFileReference; fileEncoding = 4; lastKnownFileType = sourcecode.c.h; path = SDL_endian.h; sourceTree = "<group>"; };
		11C57B811A3D9C86000A8E65 /* SDL_egl.h */ = {isa = PBXFileReference; fileEncoding = 4; lastKnownFileType = sourcecode.c.h; path = SDL_egl.h; sourceTree = "<group>"; };
		11C57B821A3D9C86000A8E65 /* SDL_cpuinfo.h */ = {isa = PBXFileReference; fileEncoding = 4; lastKnownFileType = sourcecode.c.h; path = SDL_cpuinfo.h; sourceTree = "<group>"; };
		11C57B831A3D9C86000A8E65 /* SDL_copying.h */ = {isa = PBXFileReference; fileEncoding = 4; lastKnownFileType = sourcecode.c.h; path = SDL_copying.h; sourceTree = "<group>"; };
		11C57B841A3D9C86000A8E65 /* SDL_config.h */ = {isa = PBXFileReference; fileEncoding = 4; lastKnownFileType = sourcecode.c.h; path = SDL_config.h; sourceTree = "<group>"; };
		11C57B851A3D9C86000A8E65 /* SDL_config_wiz.h */ = {isa = PBXFileReference; fileEncoding = 4; lastKnownFileType = sourcecode.c.h; path = SDL_config_wiz.h; sourceTree = "<group>"; };
		11C57B861A3D9C86000A8E65 /* SDL_config_winrt.h */ = {isa = PBXFileReference; fileEncoding = 4; lastKnownFileType = sourcecode.c.h; path = SDL_config_winrt.h; sourceTree = "<group>"; };
		11C57B871A3D9C86000A8E65 /* SDL_config_windows.h */ = {isa = PBXFileReference; fileEncoding = 4; lastKnownFileType = sourcecode.c.h; path = SDL_config_windows.h; sourceTree = "<group>"; };
		11C57B881A3D9C86000A8E65 /* SDL_config_psp.h */ = {isa = PBXFileReference; fileEncoding = 4; lastKnownFileType = sourcecode.c.h; path = SDL_config_psp.h; sourceTree = "<group>"; };
		11C57B891A3D9C86000A8E65 /* SDL_config_pandora.h */ = {isa = PBXFileReference; fileEncoding = 4; lastKnownFileType = sourcecode.c.h; path = SDL_config_pandora.h; sourceTree = "<group>"; };
		11C57B8A1A3D9C86000A8E65 /* SDL_config_minimal.h */ = {isa = PBXFileReference; fileEncoding = 4; lastKnownFileType = sourcecode.c.h; path = SDL_config_minimal.h; sourceTree = "<group>"; };
		11C57B8B1A3D9C86000A8E65 /* SDL_config_macosx.h */ = {isa = PBXFileReference; fileEncoding = 4; lastKnownFileType = sourcecode.c.h; path = SDL_config_macosx.h; sourceTree = "<group>"; };
		11C57B8C1A3D9C86000A8E65 /* SDL_config_iphoneos.h */ = {isa = PBXFileReference; fileEncoding = 4; lastKnownFileType = sourcecode.c.h; path = SDL_config_iphoneos.h; sourceTree = "<group>"; };
		11C57B8D1A3D9C86000A8E65 /* SDL_config_android.h */ = {isa = PBXFileReference; fileEncoding = 4; lastKnownFileType = sourcecode.c.h; path = SDL_config_android.h; sourceTree = "<group>"; };
		11C57B8E1A3D9C86000A8E65 /* SDL_clipboard.h */ = {isa = PBXFileReference; fileEncoding = 4; lastKnownFileType = sourcecode.c.h; path = SDL_clipboard.h; sourceTree = "<group>"; };
		11C57B8F1A3D9C86000A8E65 /* SDL_blendmode.h */ = {isa = PBXFileReference; fileEncoding = 4; lastKnownFileType = sourcecode.c.h; path = SDL_blendmode.h; sourceTree = "<group>"; };
		11C57B901A3D9C86000A8E65 /* SDL_bits.h */ = {isa = PBXFileReference; fileEncoding = 4; lastKnownFileType = sourcecode.c.h; path = SDL_bits.h; sourceTree = "<group>"; };
		11C57B911A3D9C86000A8E65 /* SDL_audio.h */ = {isa = PBXFileReference; fileEncoding = 4; lastKnownFileType = sourcecode.c.h; path = SDL_audio.h; sourceTree = "<group>"; };
		11C57B921A3D9C86000A8E65 /* SDL_atomic.h */ = {isa = PBXFileReference; fileEncoding = 4; lastKnownFileType = sourcecode.c.h; path = SDL_atomic.h; sourceTree = "<group>"; };
		11C57B931A3D9C86000A8E65 /* SDL_assert.h */ = {isa = PBXFileReference; fileEncoding = 4; lastKnownFileType = sourcecode.c.h; path = SDL_assert.h; sourceTree = "<group>"; };
		11C57B941A3D9C86000A8E65 /* close_code.h */ = {isa = PBXFileReference; fileEncoding = 4; lastKnownFileType = sourcecode.c.h; path = close_code.h; sourceTree = "<group>"; };
		11C57B951A3D9C86000A8E65 /* begin_code.h */ = {isa = PBXFileReference; fileEncoding = 4; lastKnownFileType = sourcecode.c.h; path = begin_code.h; sourceTree = "<group>"; };
		11C57BA61A3DA077000A8E65 /* HsFFI.h */ = {isa = PBXFileReference; fileEncoding = 4; lastKnownFileType = sourcecode.c.h; path = HsFFI.h; sourceTree = "<group>"; };
		11C57BA71A3DA0B1000A8E65 /* ghcconfig.h */ = {isa = PBXFileReference; fileEncoding = 4; lastKnownFileType = sourcecode.c.h; path = ghcconfig.h; sourceTree = "<group>"; };
		11C57BA81A3DA0F6000A8E65 /* ghcplatform.h */ = {isa = PBXFileReference; fileEncoding = 4; lastKnownFileType = sourcecode.c.h; path = ghcplatform.h; sourceTree = "<group>"; };
		11C57BA91A3DA0F6000A8E65 /* ghcautoconf.h */ = {isa = PBXFileReference; fileEncoding = 4; lastKnownFileType = sourcecode.c.h; path = ghcautoconf.h; sourceTree = "<group>"; };
		11C57BAB1A3DA141000A8E65 /* DLL.h */ = {isa = PBXFileReference; fileEncoding = 4; lastKnownFileType = sourcecode.c.h; path = DLL.h; sourceTree = "<group>"; };
		11C57BAC1A3DA141000A8E65 /* HaskellMachRegs.h */ = {isa = PBXFileReference; fileEncoding = 4; lastKnownFileType = sourcecode.c.h; path = HaskellMachRegs.h; sourceTree = "<group>"; };
		11C57BAD1A3DA141000A8E65 /* MachRegs.h */ = {isa = PBXFileReference; fileEncoding = 4; lastKnownFileType = sourcecode.c.h; path = MachRegs.h; sourceTree = "<group>"; };
		11C57BAE1A3DA141000A8E65 /* MiscClosures.h */ = {isa = PBXFileReference; fileEncoding = 4; lastKnownFileType = sourcecode.c.h; path = MiscClosures.h; sourceTree = "<group>"; };
		11C57BAF1A3DA141000A8E65 /* Prim.h */ = {isa = PBXFileReference; fileEncoding = 4; lastKnownFileType = sourcecode.c.h; path = Prim.h; sourceTree = "<group>"; };
		11C57BB01A3DA141000A8E65 /* Regs.h */ = {isa = PBXFileReference; fileEncoding = 4; lastKnownFileType = sourcecode.c.h; path = Regs.h; sourceTree = "<group>"; };
		11C57BB11A3DA141000A8E65 /* RtsMachRegs.h */ = {isa = PBXFileReference; fileEncoding = 4; lastKnownFileType = sourcecode.c.h; path = RtsMachRegs.h; sourceTree = "<group>"; };
		11C57BB21A3DA141000A8E65 /* SMP.h */ = {isa = PBXFileReference; fileEncoding = 4; lastKnownFileType = sourcecode.c.h; path = SMP.h; sourceTree = "<group>"; };
		11C57BB31A3DA141000A8E65 /* Ticky.h */ = {isa = PBXFileReference; fileEncoding = 4; lastKnownFileType = sourcecode.c.h; path = Ticky.h; sourceTree = "<group>"; };
		11C57BB41A3DA141000A8E65 /* Types.h */ = {isa = PBXFileReference; fileEncoding = 4; lastKnownFileType = sourcecode.c.h; path = Types.h; sourceTree = "<group>"; };
		11C57BB61A3DA141000A8E65 /* Adjustor.h */ = {isa = PBXFileReference; fileEncoding = 4; lastKnownFileType = sourcecode.c.h; path = Adjustor.h; sourceTree = "<group>"; };
		11C57BB71A3DA141000A8E65 /* BlockSignals.h */ = {isa = PBXFileReference; fileEncoding = 4; lastKnownFileType = sourcecode.c.h; path = BlockSignals.h; sourceTree = "<group>"; };
		11C57BB81A3DA141000A8E65 /* Bytecodes.h */ = {isa = PBXFileReference; fileEncoding = 4; lastKnownFileType = sourcecode.c.h; path = Bytecodes.h; sourceTree = "<group>"; };
		11C57BB91A3DA141000A8E65 /* Config.h */ = {isa = PBXFileReference; fileEncoding = 4; lastKnownFileType = sourcecode.c.h; path = Config.h; sourceTree = "<group>"; };
		11C57BBA1A3DA141000A8E65 /* Constants.h */ = {isa = PBXFileReference; fileEncoding = 4; lastKnownFileType = sourcecode.c.h; path = Constants.h; sourceTree = "<group>"; };
		11C57BBB1A3DA141000A8E65 /* EventLogFormat.h */ = {isa = PBXFileReference; fileEncoding = 4; lastKnownFileType = sourcecode.c.h; path = EventLogFormat.h; sourceTree = "<group>"; };
		11C57BBC1A3DA141000A8E65 /* FileLock.h */ = {isa = PBXFileReference; fileEncoding = 4; lastKnownFileType = sourcecode.c.h; path = FileLock.h; sourceTree = "<group>"; };
		11C57BBD1A3DA141000A8E65 /* Flags.h */ = {isa = PBXFileReference; fileEncoding = 4; lastKnownFileType = sourcecode.c.h; path = Flags.h; sourceTree = "<group>"; };
		11C57BBE1A3DA141000A8E65 /* GetTime.h */ = {isa = PBXFileReference; fileEncoding = 4; lastKnownFileType = sourcecode.c.h; path = GetTime.h; sourceTree = "<group>"; };
		11C57BBF1A3DA141000A8E65 /* Globals.h */ = {isa = PBXFileReference; fileEncoding = 4; lastKnownFileType = sourcecode.c.h; path = Globals.h; sourceTree = "<group>"; };
		11C57BC01A3DA141000A8E65 /* Hooks.h */ = {isa = PBXFileReference; fileEncoding = 4; lastKnownFileType = sourcecode.c.h; path = Hooks.h; sourceTree = "<group>"; };
		11C57BC11A3DA141000A8E65 /* Hpc.h */ = {isa = PBXFileReference; fileEncoding = 4; lastKnownFileType = sourcecode.c.h; path = Hpc.h; sourceTree = "<group>"; };
		11C57BC21A3DA141000A8E65 /* IOManager.h */ = {isa = PBXFileReference; fileEncoding = 4; lastKnownFileType = sourcecode.c.h; path = IOManager.h; sourceTree = "<group>"; };
		11C57BC31A3DA141000A8E65 /* Linker.h */ = {isa = PBXFileReference; fileEncoding = 4; lastKnownFileType = sourcecode.c.h; path = Linker.h; sourceTree = "<group>"; };
		11C57BC41A3DA141000A8E65 /* Main.h */ = {isa = PBXFileReference; fileEncoding = 4; lastKnownFileType = sourcecode.c.h; path = Main.h; sourceTree = "<group>"; };
		11C57BC51A3DA141000A8E65 /* Messages.h */ = {isa = PBXFileReference; fileEncoding = 4; lastKnownFileType = sourcecode.c.h; path = Messages.h; sourceTree = "<group>"; };
		11C57BC61A3DA141000A8E65 /* OSThreads.h */ = {isa = PBXFileReference; fileEncoding = 4; lastKnownFileType = sourcecode.c.h; path = OSThreads.h; sourceTree = "<group>"; };
		11C57BC71A3DA141000A8E65 /* Parallel.h */ = {isa = PBXFileReference; fileEncoding = 4; lastKnownFileType = sourcecode.c.h; path = Parallel.h; sourceTree = "<group>"; };
		11C57BC81A3DA141000A8E65 /* PrimFloat.h */ = {isa = PBXFileReference; fileEncoding = 4; lastKnownFileType = sourcecode.c.h; path = PrimFloat.h; sourceTree = "<group>"; };
		11C57BCA1A3DA141000A8E65 /* CCS.h */ = {isa = PBXFileReference; fileEncoding = 4; lastKnownFileType = sourcecode.c.h; path = CCS.h; sourceTree = "<group>"; };
		11C57BCB1A3DA141000A8E65 /* LDV.h */ = {isa = PBXFileReference; fileEncoding = 4; lastKnownFileType = sourcecode.c.h; path = LDV.h; sourceTree = "<group>"; };
		11C57BCC1A3DA141000A8E65 /* Signals.h */ = {isa = PBXFileReference; fileEncoding = 4; lastKnownFileType = sourcecode.c.h; path = Signals.h; sourceTree = "<group>"; };
		11C57BCD1A3DA141000A8E65 /* SpinLock.h */ = {isa = PBXFileReference; fileEncoding = 4; lastKnownFileType = sourcecode.c.h; path = SpinLock.h; sourceTree = "<group>"; };
		11C57BCE1A3DA141000A8E65 /* Stable.h */ = {isa = PBXFileReference; fileEncoding = 4; lastKnownFileType = sourcecode.c.h; path = Stable.h; sourceTree = "<group>"; };
		11C57BD01A3DA141000A8E65 /* Block.h */ = {isa = PBXFileReference; fileEncoding = 4; lastKnownFileType = sourcecode.c.h; path = Block.h; sourceTree = "<group>"; };
		11C57BD11A3DA141000A8E65 /* ClosureMacros.h */ = {isa = PBXFileReference; fileEncoding = 4; lastKnownFileType = sourcecode.c.h; path = ClosureMacros.h; sourceTree = "<group>"; };
		11C57BD21A3DA141000A8E65 /* Closures.h */ = {isa = PBXFileReference; fileEncoding = 4; lastKnownFileType = sourcecode.c.h; path = Closures.h; sourceTree = "<group>"; };
		11C57BD31A3DA141000A8E65 /* ClosureTypes.h */ = {isa = PBXFileReference; fileEncoding = 4; lastKnownFileType = sourcecode.c.h; path = ClosureTypes.h; sourceTree = "<group>"; };
		11C57BD41A3DA141000A8E65 /* FunTypes.h */ = {isa = PBXFileReference; fileEncoding = 4; lastKnownFileType = sourcecode.c.h; path = FunTypes.h; sourceTree = "<group>"; };
		11C57BD51A3DA141000A8E65 /* GC.h */ = {isa = PBXFileReference; fileEncoding = 4; lastKnownFileType = sourcecode.c.h; path = GC.h; sourceTree = "<group>"; };
		11C57BD61A3DA141000A8E65 /* InfoTables.h */ = {isa = PBXFileReference; fileEncoding = 4; lastKnownFileType = sourcecode.c.h; path = InfoTables.h; sourceTree = "<group>"; };
		11C57BD71A3DA141000A8E65 /* MBlock.h */ = {isa = PBXFileReference; fileEncoding = 4; lastKnownFileType = sourcecode.c.h; path = MBlock.h; sourceTree = "<group>"; };
		11C57BD81A3DA141000A8E65 /* SMPClosureOps.h */ = {isa = PBXFileReference; fileEncoding = 4; lastKnownFileType = sourcecode.c.h; path = SMPClosureOps.h; sourceTree = "<group>"; };
		11C57BD91A3DA141000A8E65 /* TSO.h */ = {isa = PBXFileReference; fileEncoding = 4; lastKnownFileType = sourcecode.c.h; path = TSO.h; sourceTree = "<group>"; };
		11C57BDA1A3DA141000A8E65 /* Threads.h */ = {isa = PBXFileReference; fileEncoding = 4; lastKnownFileType = sourcecode.c.h; path = Threads.h; sourceTree = "<group>"; };
		11C57BDB1A3DA141000A8E65 /* Ticky.h */ = {isa = PBXFileReference; fileEncoding = 4; lastKnownFileType = sourcecode.c.h; path = Ticky.h; sourceTree = "<group>"; };
		11C57BDC1A3DA141000A8E65 /* Timer.h */ = {isa = PBXFileReference; fileEncoding = 4; lastKnownFileType = sourcecode.c.h; path = Timer.h; sourceTree = "<group>"; };
		11C57BDD1A3DA141000A8E65 /* TTY.h */ = {isa = PBXFileReference; fileEncoding = 4; lastKnownFileType = sourcecode.c.h; path = TTY.h; sourceTree = "<group>"; };
		11C57BDE1A3DA141000A8E65 /* Types.h */ = {isa = PBXFileReference; fileEncoding = 4; lastKnownFileType = sourcecode.c.h; path = Types.h; sourceTree = "<group>"; };
		11C57BDF1A3DA141000A8E65 /* Utils.h */ = {isa = PBXFileReference; fileEncoding = 4; lastKnownFileType = sourcecode.c.h; path = Utils.h; sourceTree = "<group>"; };
		11C57BE01A3DA1D0000A8E65 /* Default-568h@2x.png */ = {isa = PBXFileReference; lastKnownFileType = image.png; path = "Default-568h@2x.png"; sourceTree = "<group>"; };
		11C57BE21A3DA35A000A8E65 /* libiconv.dylib */ = {isa = PBXFileReference; lastKnownFileType = "compiled.mach-o.dylib"; name = libiconv.dylib; path = usr/lib/libiconv.dylib; sourceTree = SDKROOT; };
		11CAC3B51A8744A6003EDA7F /* Images.xcassets */ = {isa = PBXFileReference; lastKnownFileType = folder.assetcatalog; name = Images.xcassets; path = Epidemic/Images.xcassets; sourceTree = "<group>"; };
		11CAC3B71A874687003EDA7F /* Icon.png */ = {isa = PBXFileReference; lastKnownFileType = image.png; path = Icon.png; sourceTree = "<group>"; };
		1D30AB110D05D00D00671497 /* Foundation.framework */ = {isa = PBXFileReference; lastKnownFileType = wrapper.framework; name = Foundation.framework; path = System/Library/Frameworks/Foundation.framework; sourceTree = SDKROOT; };
		1D6058910D05DD3D006BFB54 /* Epidemic.app */ = {isa = PBXFileReference; explicitFileType = wrapper.application; includeInIndex = 0; path = Epidemic.app; sourceTree = BUILT_PRODUCTS_DIR; };
		1DF5F4DF0D08C38300B7A737 /* UIKit.framework */ = {isa = PBXFileReference; lastKnownFileType = wrapper.framework; name = UIKit.framework; path = System/Library/Frameworks/UIKit.framework; sourceTree = SDKROOT; };
		28FD14FF0DC6FC520079059D /* OpenGLES.framework */ = {isa = PBXFileReference; lastKnownFileType = wrapper.framework; name = OpenGLES.framework; path = System/Library/Frameworks/OpenGLES.framework; sourceTree = SDKROOT; };
		28FD15070DC6FC5B0079059D /* QuartzCore.framework */ = {isa = PBXFileReference; lastKnownFileType = wrapper.framework; name = QuartzCore.framework; path = System/Library/Frameworks/QuartzCore.framework; sourceTree = SDKROOT; };
		FD779EDD0E26BA1200F39101 /* CoreAudio.framework */ = {isa = PBXFileReference; lastKnownFileType = wrapper.framework; name = CoreAudio.framework; path = System/Library/Frameworks/CoreAudio.framework; sourceTree = SDKROOT; };
		FD77A0840E26BDB800F39101 /* AudioToolbox.framework */ = {isa = PBXFileReference; lastKnownFileType = wrapper.framework; name = AudioToolbox.framework; path = System/Library/Frameworks/AudioToolbox.framework; sourceTree = SDKROOT; };
		FD77A09C0E26BDE500F39101 /* main.c */ = {isa = PBXFileReference; fileEncoding = 4; lastKnownFileType = sourcecode.c.c; path = main.c; sourceTree = "<group>"; };
		FDB8BFC50E5A0F6A00980157 /* CoreGraphics.framework */ = {isa = PBXFileReference; lastKnownFileType = wrapper.framework; name = CoreGraphics.framework; path = System/Library/Frameworks/CoreGraphics.framework; sourceTree = SDKROOT; };
/* End PBXFileReference section */

/* Begin PBXFrameworksBuildPhase section */
		1D60588F0D05DD3D006BFB54 /* Frameworks */ = {
			isa = PBXFrameworksBuildPhase;
			buildActionMask = 2147483647;
			files = (
				1107F17C1AA6A3A60092D77E /* libvorbisfile.a in Frameworks */,
				1107F15C1AA6835A0092D77E /* libSDL2.a in Frameworks */,
				11C57BE31A3DA35A000A8E65 /* libiconv.dylib in Frameworks */,
				1107F1571AA6835A0092D77E /* libcairo.a in Frameworks */,
				1107F15B1AA6835A0092D77E /* libpng.a in Frameworks */,
				1107F1791AA69B0A0092D77E /* libogg.a in Frameworks */,
				1D60589F0D05DD5A006BFB54 /* Foundation.framework in Frameworks */,
				1DF5F4E00D08C38300B7A737 /* UIKit.framework in Frameworks */,
				28FD15000DC6FC520079059D /* OpenGLES.framework in Frameworks */,
				1121CF5B1A776E8300FC5493 /* CoreText.framework in Frameworks */,
				1107F1591AA6835A0092D77E /* libfreetype.a in Frameworks */,
				1107F15A1AA6835A0092D77E /* libpixman-1.a in Frameworks */,
				1107F15D1AA6835A0092D77E /* libSDL2_mixer.a in Frameworks */,
				1107F15E1AA6835A0092D77E /* libz.a in Frameworks */,
				28FD15080DC6FC5B0079059D /* QuartzCore.framework in Frameworks */,
				1107F17A1AA69B0A0092D77E /* libvorbis.a in Frameworks */,
				1121CF591A77662E00FC5493 /* CoreFoundation.framework in Frameworks */,
				FD779EDE0E26BA1200F39101 /* CoreAudio.framework in Frameworks */,
				FD77A0850E26BDB800F39101 /* AudioToolbox.framework in Frameworks */,
				FDB8BFC60E5A0F6A00980157 /* CoreGraphics.framework in Frameworks */,
				1107F1581AA6835A0092D77E /* libEpidemic.a in Frameworks */,
			);
			runOnlyForDeploymentPostprocessing = 0;
		};
/* End PBXFrameworksBuildPhase section */

/* Begin PBXGroup section */
		0097E29812F70C4D00724AC5 /* SDL */ = {
			isa = PBXGroup;
			children = (
				0097E29912F70C4D00724AC5 /* include */,
			);
			path = SDL;
			sourceTree = "<group>";
		};
		0097E29912F70C4D00724AC5 /* include */ = {
			isa = PBXGroup;
			children = (
				11C57B4B1A3D9C86000A8E65 /* SDL.h */,
				11C57B4C1A3D9C86000A8E65 /* SDL_video.h */,
				11C57B4D1A3D9C86000A8E65 /* SDL_version.h */,
				11C57B4E1A3D9C86000A8E65 /* SDL_types.h */,
				11C57B4F1A3D9C86000A8E65 /* SDL_touch.h */,
				11C57B501A3D9C86000A8E65 /* SDL_timer.h */,
				11C57B511A3D9C86000A8E65 /* SDL_thread.h */,
				11C57B521A3D9C86000A8E65 /* SDL_test.h */,
				11C57B531A3D9C86000A8E65 /* SDL_test_random.h */,
				11C57B541A3D9C86000A8E65 /* SDL_test_md5.h */,
				11C57B551A3D9C86000A8E65 /* SDL_test_log.h */,
				11C57B561A3D9C86000A8E65 /* SDL_test_images.h */,
				11C57B571A3D9C86000A8E65 /* SDL_test_harness.h */,
				11C57B581A3D9C86000A8E65 /* SDL_test_fuzzer.h */,
				11C57B591A3D9C86000A8E65 /* SDL_test_font.h */,
				11C57B5A1A3D9C86000A8E65 /* SDL_test_crc32.h */,
				11C57B5B1A3D9C86000A8E65 /* SDL_test_compare.h */,
				11C57B5C1A3D9C86000A8E65 /* SDL_test_common.h */,
				11C57B5D1A3D9C86000A8E65 /* SDL_test_assert.h */,
				11C57B5E1A3D9C86000A8E65 /* SDL_syswm.h */,
				11C57B5F1A3D9C86000A8E65 /* SDL_system.h */,
				11C57B601A3D9C86000A8E65 /* SDL_surface.h */,
				11C57B611A3D9C86000A8E65 /* SDL_stdinc.h */,
				11C57B621A3D9C86000A8E65 /* SDL_shape.h */,
				11C57B631A3D9C86000A8E65 /* SDL_scancode.h */,
				11C57B641A3D9C86000A8E65 /* SDL_rwops.h */,
				11C57B651A3D9C86000A8E65 /* SDL_revision.h */,
				11C57B661A3D9C86000A8E65 /* SDL_render.h */,
				11C57B671A3D9C86000A8E65 /* SDL_rect.h */,
				11C57B681A3D9C86000A8E65 /* SDL_quit.h */,
				11C57B691A3D9C86000A8E65 /* SDL_power.h */,
				11C57B6A1A3D9C86000A8E65 /* SDL_platform.h */,
				11C57B6B1A3D9C86000A8E65 /* SDL_pixels.h */,
				11C57B6C1A3D9C86000A8E65 /* SDL_opengles2.h */,
				11C57B6D1A3D9C86000A8E65 /* SDL_opengles.h */,
				11C57B6E1A3D9C86000A8E65 /* SDL_opengl.h */,
				11C57B6F1A3D9C86000A8E65 /* SDL_name.h */,
				11C57B701A3D9C86000A8E65 /* SDL_mutex.h */,
				11C57B711A3D9C86000A8E65 /* SDL_mouse.h */,
				11C57B721A3D9C86000A8E65 /* SDL_messagebox.h */,
				11C57B731A3D9C86000A8E65 /* SDL_main.h */,
				11C57B741A3D9C86000A8E65 /* SDL_log.h */,
				11C57B751A3D9C86000A8E65 /* SDL_loadso.h */,
				11C57B761A3D9C86000A8E65 /* SDL_keycode.h */,
				11C57B771A3D9C86000A8E65 /* SDL_keyboard.h */,
				11C57B781A3D9C86000A8E65 /* SDL_joystick.h */,
				11C57B791A3D9C86000A8E65 /* SDL_hints.h */,
				11C57B7A1A3D9C86000A8E65 /* SDL_haptic.h */,
				11C57B7B1A3D9C86000A8E65 /* SDL_gesture.h */,
				11C57B7C1A3D9C86000A8E65 /* SDL_gamecontroller.h */,
				11C57B7D1A3D9C86000A8E65 /* SDL_filesystem.h */,
				11C57B7E1A3D9C86000A8E65 /* SDL_events.h */,
				11C57B7F1A3D9C86000A8E65 /* SDL_error.h */,
				11C57B801A3D9C86000A8E65 /* SDL_endian.h */,
				11C57B811A3D9C86000A8E65 /* SDL_egl.h */,
				11C57B821A3D9C86000A8E65 /* SDL_cpuinfo.h */,
				11C57B831A3D9C86000A8E65 /* SDL_copying.h */,
				11C57B841A3D9C86000A8E65 /* SDL_config.h */,
				11C57B851A3D9C86000A8E65 /* SDL_config_wiz.h */,
				11C57B861A3D9C86000A8E65 /* SDL_config_winrt.h */,
				11C57B871A3D9C86000A8E65 /* SDL_config_windows.h */,
				11C57B881A3D9C86000A8E65 /* SDL_config_psp.h */,
				11C57B891A3D9C86000A8E65 /* SDL_config_pandora.h */,
				11C57B8A1A3D9C86000A8E65 /* SDL_config_minimal.h */,
				11C57B8B1A3D9C86000A8E65 /* SDL_config_macosx.h */,
				11C57B8C1A3D9C86000A8E65 /* SDL_config_iphoneos.h */,
				11C57B8D1A3D9C86000A8E65 /* SDL_config_android.h */,
				11C57B8E1A3D9C86000A8E65 /* SDL_clipboard.h */,
				11C57B8F1A3D9C86000A8E65 /* SDL_blendmode.h */,
				11C57B901A3D9C86000A8E65 /* SDL_bits.h */,
				11C57B911A3D9C86000A8E65 /* SDL_audio.h */,
				11C57B921A3D9C86000A8E65 /* SDL_atomic.h */,
				11C57B931A3D9C86000A8E65 /* SDL_assert.h */,
				11C57B941A3D9C86000A8E65 /* close_code.h */,
				11C57B951A3D9C86000A8E65 /* begin_code.h */,
			);
			path = include;
			sourceTree = "<group>";
		};
		1107F1201AA6835A0092D77E /* lib */ = {
			isa = PBXGroup;
			children = (
				1107F1341AA6835A0092D77E /* i386 */,
			);
			path = lib;
			sourceTree = "<group>";
		};
		1107F1341AA6835A0092D77E /* i386 */ = {
			isa = PBXGroup;
			children = (
				1107F17B1AA6A3A60092D77E /* libvorbisfile.a */,
				1107F1771AA69B0A0092D77E /* libogg.a */,
				1107F1781AA69B0A0092D77E /* libvorbis.a */,
				1107F1351AA6835A0092D77E /* libcairo.a */,
				1107F1361AA6835A0092D77E /* libEpidemic.a */,
				1107F1371AA6835A0092D77E /* libfreetype.a */,
				1107F1381AA6835A0092D77E /* libpixman-1.a */,
				1107F1391AA6835A0092D77E /* libpng.a */,
				1107F13A1AA6835A0092D77E /* libSDL2.a */,
				1107F13B1AA6835A0092D77E /* libSDL2_mixer.a */,
				1107F13C1AA6835A0092D77E /* libz.a */,
			);
			path = i386;
			sourceTree = "<group>";
		};
		11C57BAA1A3DA141000A8E65 /* stg */ = {
			isa = PBXGroup;
			children = (
				11C57BAB1A3DA141000A8E65 /* DLL.h */,
				11C57BAC1A3DA141000A8E65 /* HaskellMachRegs.h */,
				11C57BAD1A3DA141000A8E65 /* MachRegs.h */,
				11C57BAE1A3DA141000A8E65 /* MiscClosures.h */,
				11C57BAF1A3DA141000A8E65 /* Prim.h */,
				11C57BB01A3DA141000A8E65 /* Regs.h */,
				11C57BB11A3DA141000A8E65 /* RtsMachRegs.h */,
				11C57BB21A3DA141000A8E65 /* SMP.h */,
				11C57BB31A3DA141000A8E65 /* Ticky.h */,
				11C57BB41A3DA141000A8E65 /* Types.h */,
			);
			path = stg;
			sourceTree = "<group>";
		};
		11C57BB51A3DA141000A8E65 /* rts */ = {
			isa = PBXGroup;
			children = (
				11C57BB61A3DA141000A8E65 /* Adjustor.h */,
				11C57BB71A3DA141000A8E65 /* BlockSignals.h */,
				11C57BB81A3DA141000A8E65 /* Bytecodes.h */,
				11C57BB91A3DA141000A8E65 /* Config.h */,
				11C57BBA1A3DA141000A8E65 /* Constants.h */,
				11C57BBB1A3DA141000A8E65 /* EventLogFormat.h */,
				11C57BBC1A3DA141000A8E65 /* FileLock.h */,
				11C57BBD1A3DA141000A8E65 /* Flags.h */,
				11C57BBE1A3DA141000A8E65 /* GetTime.h */,
				11C57BBF1A3DA141000A8E65 /* Globals.h */,
				11C57BC01A3DA141000A8E65 /* Hooks.h */,
				11C57BC11A3DA141000A8E65 /* Hpc.h */,
				11C57BC21A3DA141000A8E65 /* IOManager.h */,
				11C57BC31A3DA141000A8E65 /* Linker.h */,
				11C57BC41A3DA141000A8E65 /* Main.h */,
				11C57BC51A3DA141000A8E65 /* Messages.h */,
				11C57BC61A3DA141000A8E65 /* OSThreads.h */,
				11C57BC71A3DA141000A8E65 /* Parallel.h */,
				11C57BC81A3DA141000A8E65 /* PrimFloat.h */,
				11C57BC91A3DA141000A8E65 /* prof */,
				11C57BCC1A3DA141000A8E65 /* Signals.h */,
				11C57BCD1A3DA141000A8E65 /* SpinLock.h */,
				11C57BCE1A3DA141000A8E65 /* Stable.h */,
				11C57BCF1A3DA141000A8E65 /* storage */,
				11C57BDA1A3DA141000A8E65 /* Threads.h */,
				11C57BDB1A3DA141000A8E65 /* Ticky.h */,
				11C57BDC1A3DA141000A8E65 /* Timer.h */,
				11C57BDD1A3DA141000A8E65 /* TTY.h */,
				11C57BDE1A3DA141000A8E65 /* Types.h */,
				11C57BDF1A3DA141000A8E65 /* Utils.h */,
			);
			path = rts;
			sourceTree = "<group>";
		};
		11C57BC91A3DA141000A8E65 /* prof */ = {
			isa = PBXGroup;
			children = (
				11C57BCA1A3DA141000A8E65 /* CCS.h */,
				11C57BCB1A3DA141000A8E65 /* LDV.h */,
			);
			path = prof;
			sourceTree = "<group>";
		};
		11C57BCF1A3DA141000A8E65 /* storage */ = {
			isa = PBXGroup;
			children = (
				11C57BD01A3DA141000A8E65 /* Block.h */,
				11C57BD11A3DA141000A8E65 /* ClosureMacros.h */,
				11C57BD21A3DA141000A8E65 /* Closures.h */,
				11C57BD31A3DA141000A8E65 /* ClosureTypes.h */,
				11C57BD41A3DA141000A8E65 /* FunTypes.h */,
				11C57BD51A3DA141000A8E65 /* GC.h */,
				11C57BD61A3DA141000A8E65 /* InfoTables.h */,
				11C57BD71A3DA141000A8E65 /* MBlock.h */,
				11C57BD81A3DA141000A8E65 /* SMPClosureOps.h */,
				11C57BD91A3DA141000A8E65 /* TSO.h */,
			);
			path = storage;
			sourceTree = "<group>";
		};
		19C28FACFE9D520D11CA2CBB /* Products */ = {
			isa = PBXGroup;
			children = (
				1D6058910D05DD3D006BFB54 /* Epidemic.app */,
			);
			name = Products;
			sourceTree = "<group>";
		};
		29B97314FDCFA39411CA2CEA /* CustomTemplate */ = {
			isa = PBXGroup;
			children = (
				1107F1201AA6835A0092D77E /* lib */,
				11C57BE01A3DA1D0000A8E65 /* Default-568h@2x.png */,
				11CAC3B71A874687003EDA7F /* Icon.png */,
				29B97315FDCFA39411CA2CEA /* Sources */,
				29B97317FDCFA39411CA2CEA /* Resources */,
				0097E29812F70C4D00724AC5 /* SDL */,
				29B97323FDCFA39411CA2CEA /* Frameworks */,
				19C28FACFE9D520D11CA2CBB /* Products */,
			);
			name = CustomTemplate;
			sourceTree = "<group>";
		};
		29B97315FDCFA39411CA2CEA /* Sources */ = {
			isa = PBXGroup;
			children = (
				11C57BAA1A3DA141000A8E65 /* stg */,
				11C57BB51A3DA141000A8E65 /* rts */,
				11C57BA81A3DA0F6000A8E65 /* ghcplatform.h */,
				11C57BA91A3DA0F6000A8E65 /* ghcautoconf.h */,
				11C57BA71A3DA0B1000A8E65 /* ghcconfig.h */,
				11C57BA61A3DA077000A8E65 /* HsFFI.h */,
				FD77A09C0E26BDE500F39101 /* main.c */,
			);
			name = Sources;
			sourceTree = "<group>";
		};
		29B97317FDCFA39411CA2CEA /* Resources */ = {
			isa = PBXGroup;
			children = (
				1107F1711AA684B50092D77E /* font.ttf */,
				1107F1721AA684B50092D77E /* music.ogg */,
				1107F1731AA684B50092D77E /* slime-splash.wav */,
				1107F1681AA683EC0092D77E /* Info.plist */,
				11CAC3B51A8744A6003EDA7F /* Images.xcassets */,
			);
			name = Resources;
			sourceTree = "<group>";
		};
		29B97323FDCFA39411CA2CEA /* Frameworks */ = {
			isa = PBXGroup;
			children = (
				1121CF5A1A776E8300FC5493 /* CoreText.framework */,
				1121CF581A77662E00FC5493 /* CoreFoundation.framework */,
				11C57BE21A3DA35A000A8E65 /* libiconv.dylib */,
				FDB8BFC50E5A0F6A00980157 /* CoreGraphics.framework */,
				FD77A0840E26BDB800F39101 /* AudioToolbox.framework */,
				FD779EDD0E26BA1200F39101 /* CoreAudio.framework */,
				28FD15070DC6FC5B0079059D /* QuartzCore.framework */,
				28FD14FF0DC6FC520079059D /* OpenGLES.framework */,
				1DF5F4DF0D08C38300B7A737 /* UIKit.framework */,
				1D30AB110D05D00D00671497 /* Foundation.framework */,
			);
			name = Frameworks;
			sourceTree = "<group>";
		};
/* End PBXGroup section */

/* Begin PBXNativeTarget section */
		1D6058900D05DD3D006BFB54 /* Epidemic */ = {
			isa = PBXNativeTarget;
			buildConfigurationList = 1D6058960D05DD3E006BFB54 /* Build configuration list for PBXNativeTarget "Epidemic" */;
			buildPhases = (
				1D60588D0D05DD3D006BFB54 /* Resources */,
				1D60588E0D05DD3D006BFB54 /* Sources */,
				1D60588F0D05DD3D006BFB54 /* Frameworks */,
			);
			buildRules = (
			);
			dependencies = (
			);
			name = Epidemic;
			productName = "___PROJECTNAME___";
			productReference = 1D6058910D05DD3D006BFB54 /* Epidemic.app */;
			productType = "com.apple.product-type.application";
		};
/* End PBXNativeTarget section */

/* Begin PBXProject section */
		29B97313FDCFA39411CA2CEA /* Project object */ = {
			isa = PBXProject;
			attributes = {
				LastUpgradeCheck = 0610;
				TargetAttributes = {
					1D6058900D05DD3D006BFB54 = {
						DevelopmentTeam = H4977XYSK5;
					};
				};
			};
			buildConfigurationList = C01FCF4E08A954540054247B /* Build configuration list for PBXProject "Epidemoc-iOS" */;
			compatibilityVersion = "Xcode 3.2";
			developmentRegion = English;
			hasScannedForEncodings = 1;
			knownRegions = (
				English,
				Japanese,
				French,
				German,
			);
			mainGroup = 29B97314FDCFA39411CA2CEA /* CustomTemplate */;
			projectDirPath = "";
			projectRoot = "";
			targets = (
				1D6058900D05DD3D006BFB54 /* Epidemic */,
			);
		};
/* End PBXProject section */

/* Begin PBXResourcesBuildPhase section */
		1D60588D0D05DD3D006BFB54 /* Resources */ = {
			isa = PBXResourcesBuildPhase;
			buildActionMask = 2147483647;
			files = (
				1107F1741AA684B50092D77E /* font.ttf in Resources */,
				11CAC3B61A8744A6003EDA7F /* Images.xcassets in Resources */,
				11C57BE11A3DA1D0000A8E65 /* Default-568h@2x.png in Resources */,
				11CAC3B81A874687003EDA7F /* Icon.png in Resources */,
				1107F1751AA684B50092D77E /* music.ogg in Resources */,
				1107F1761AA684B50092D77E /* slime-splash.wav in Resources */,
			);
			runOnlyForDeploymentPostprocessing = 0;
		};
/* End PBXResourcesBuildPhase section */

/* Begin PBXSourcesBuildPhase section */
		1D60588E0D05DD3D006BFB54 /* Sources */ = {
			isa = PBXSourcesBuildPhase;
			buildActionMask = 2147483647;
			files = (
				FD77A09D0E26BDE500F39101 /* main.c in Sources */,
			);
			runOnlyForDeploymentPostprocessing = 0;
		};
/* End PBXSourcesBuildPhase section */

/* Begin XCBuildConfiguration section */
		1D6058940D05DD3E006BFB54 /* Debug */ = {
			isa = XCBuildConfiguration;
			buildSettings = {
				ALWAYS_SEARCH_USER_PATHS = NO;
				ASSETCATALOG_COMPILER_APPICON_NAME = AppIcon;
				ASSETCATALOG_COMPILER_LAUNCHIMAGE_NAME = LaunchImage;
				CODE_SIGN_IDENTITY = "iPhone Developer";
				"CODE_SIGN_IDENTITY[sdk=iphoneos*]" = "iPhone Developer";
				COPY_PHASE_STRIP = NO;
				DEAD_CODE_STRIPPING = NO;
				GCC_DYNAMIC_NO_PIC = NO;
				GCC_OPTIMIZATION_LEVEL = 0;
				GCC_PRECOMPILE_PREFIX_HEADER = YES;
				GCC_PREFIX_HEADER = "";
				INFOPLIST_FILE = Info.plist;
				IPHONEOS_DEPLOYMENT_TARGET = 5.1.1;
				LIBRARY_SEARCH_PATHS = (
					"$(inherited)",
					"$(PROJECT_DIR)/lib/i386",
				);
				PRODUCT_NAME = Epidemic;
				PROVISIONING_PROFILE = "";
				VALID_ARCHS = "armv7 arm64";
			};
			name = Debug;
		};
		1D6058950D05DD3E006BFB54 /* Release */ = {
			isa = XCBuildConfiguration;
			buildSettings = {
				ALWAYS_SEARCH_USER_PATHS = NO;
				ASSETCATALOG_COMPILER_APPICON_NAME = AppIcon;
				ASSETCATALOG_COMPILER_LAUNCHIMAGE_NAME = LaunchImage;
				CODE_SIGN_IDENTITY = "iPhone Developer";
				"CODE_SIGN_IDENTITY[sdk=iphoneos*]" = "iPhone Developer";
				COPY_PHASE_STRIP = YES;
				DEAD_CODE_STRIPPING = NO;
				GCC_PRECOMPILE_PREFIX_HEADER = YES;
				GCC_PREFIX_HEADER = "";
				INFOPLIST_FILE = Info.plist;
				IPHONEOS_DEPLOYMENT_TARGET = 5.1.1;
				LIBRARY_SEARCH_PATHS = (
					"$(inherited)",
					"$(PROJECT_DIR)/lib/i386",
				);
				PRODUCT_NAME = Epidemic;
				PROVISIONING_PROFILE = "";
				VALID_ARCHS = "armv7 arm64";
			};
			name = Release;
		};
		C01FCF4F08A954540054247B /* Debug */ = {
			isa = XCBuildConfiguration;
			buildSettings = {
				"CODE_SIGN_IDENTITY[sdk=iphoneos*]" = "iPhone Developer";
				GCC_C_LANGUAGE_STANDARD = c99;
				GCC_WARN_ABOUT_RETURN_TYPE = YES;
				GCC_WARN_UNUSED_VARIABLE = YES;
				IPHONEOS_DEPLOYMENT_TARGET = 4.3;
				ONLY_ACTIVE_ARCH = YES;
				OTHER_CFLAGS = "";
				PREBINDING = NO;
				SDKROOT = iphoneos;
				VALID_ARCHS = armv7;
			};
			name = Debug;
		};
		C01FCF5008A954540054247B /* Release */ = {
			isa = XCBuildConfiguration;
			buildSettings = {
				"CODE_SIGN_IDENTITY[sdk=iphoneos*]" = "iPhone Developer";
				GCC_C_LANGUAGE_STANDARD = c99;
				GCC_WARN_ABOUT_RETURN_TYPE = YES;
				GCC_WARN_UNUSED_VARIABLE = YES;
				IPHONEOS_DEPLOYMENT_TARGET = 4.3;
				OTHER_CFLAGS = "";
				PREBINDING = NO;
				SDKROOT = iphoneos;
				VALID_ARCHS = armv7;
			};
			name = Release;
		};
/* End XCBuildConfiguration section */

/* Begin XCConfigurationList section */
		1D6058960D05DD3E006BFB54 /* Build configuration list for PBXNativeTarget "Epidemic" */ = {
			isa = XCConfigurationList;
			buildConfigurations = (
				1D6058940D05DD3E006BFB54 /* Debug */,
				1D6058950D05DD3E006BFB54 /* Release */,
			);
			defaultConfigurationIsVisible = 0;
			defaultConfigurationName = Release;
		};
		C01FCF4E08A954540054247B /* Build configuration list for PBXProject "Epidemoc-iOS" */ = {
			isa = XCConfigurationList;
			buildConfigurations = (
				C01FCF4F08A954540054247B /* Debug */,
				C01FCF5008A954540054247B /* Release */,
			);
			defaultConfigurationIsVisible = 0;
			defaultConfigurationName = Release;
		};
/* End XCConfigurationList section */
	};
	rootObject = 29B97313FDCFA39411CA2CEA /* Project object */;
}
